
Microsoft Visual Studio Solution File, Format Version 12.00
# Visual Studio Version 17
VisualStudioVersion = 17.9.34607.119
MinimumVisualStudioVersion = 10.0.40219.1
Project("{FAE04EC0-301F-11D3-BF4B-00C04F79EFBC}") = "WebApplication15", "WebApplication15\WebApplication15.csproj", "{5C3C02C2-8632-4F62-9062-BFA85D142897}"
EndProject
Global
	GlobalSection(SolutionConfigurationPlatforms) = preSolution
		Debug|Any CPU = Debug|Any CPU
		Release|Any CPU = Release|Any CPU
	EndGlobalSection
	GlobalSection(ProjectConfigurationPlatforms) = postSolution
		{5C3C02C2-8632-4F62-9062-BFA85D142897}.Debug|Any CPU.ActiveCfg = Debug|Any CPU
		{5C3C02C2-8632-4F62-9062-BFA85D142897}.Debug|Any CPU.Build.0 = Debug|Any CPU
		{5C3C02C2-8632-4F62-9062-BFA85D142897}.Release|Any CPU.ActiveCfg = Release|Any CPU
		{5C3C02C2-8632-4F62-9062-BFA85D142897}.Release|Any CPU.Build.0 = Release|Any CPU
	EndGlobalSection
	GlobalSection(SolutionProperties) = preSolution
		HideSolutionNode = FALSE
	EndGlobalSection
	GlobalSection(ExtensibilityGlobals) = postSolution
		SolutionGuid = {B3F3E38B-FB2F-4E9C-95C6-BB7E6D5FE513}
	EndGlobalSection
EndGlobal
